
Microsoft Visual Studio Solution File, Format Version 12.00
# Visual Studio 14
VisualStudioVersion = 14.0.25420.1
MinimumVisualStudioVersion = 10.0.40219.1
Project("{FAE04EC0-301F-11D3-BF4B-00C04F79EFBC}") = "1.Model", "1.Model\1.Model.csproj", "{7A280161-7189-4BB6-9EDE-73AE5D7B2CCA}"
EndProject
Project("{FAE04EC0-301F-11D3-BF4B-00C04F79EFBC}") = "3.Controller", "3.Controller\3.Controller.csproj", "{A9770247-A42A-4970-8C86-50838DF9C08D}"
EndProject
Project("{FAE04EC0-301F-11D3-BF4B-00C04F79EFBC}") = "2.View", "2.View\2.View.csproj", "{0014AC73-DD48-4B4B-A2F3-6BCC753176A6}"
EndProject
Global
	GlobalSection(SolutionConfigurationPlatforms) = preSolution
		Debug|Any CPU = Debug|Any CPU
		Release|Any CPU = Release|Any CPU
	EndGlobalSection
	GlobalSection(ProjectConfigurationPlatforms) = postSolution
		{7A280161-7189-4BB6-9EDE-73AE5D7B2CCA}.Debug|Any CPU.ActiveCfg = Debug|Any CPU
		{7A280161-7189-4BB6-9EDE-73AE5D7B2CCA}.Debug|Any CPU.Build.0 = Debug|Any CPU
		{7A280161-7189-4BB6-9EDE-73AE5D7B2CCA}.Release|Any CPU.ActiveCfg = Release|Any CPU
		{7A280161-7189-4BB6-9EDE-73AE5D7B2CCA}.Release|Any CPU.Build.0 = Release|Any CPU
		{A9770247-A42A-4970-8C86-50838DF9C08D}.Debug|Any CPU.ActiveCfg = Debug|Any CPU
		{A9770247-A42A-4970-8C86-50838DF9C08D}.Debug|Any CPU.Build.0 = Debug|Any CPU
		{A9770247-A42A-4970-8C86-50838DF9C08D}.Release|Any CPU.ActiveCfg = Release|Any CPU
		{A9770247-A42A-4970-8C86-50838DF9C08D}.Release|Any CPU.Build.0 = Release|Any CPU
		{0014AC73-DD48-4B4B-A2F3-6BCC753176A6}.Debug|Any CPU.ActiveCfg = Debug|Any CPU
		{0014AC73-DD48-4B4B-A2F3-6BCC753176A6}.Debug|Any CPU.Build.0 = Debug|Any CPU
		{0014AC73-DD48-4B4B-A2F3-6BCC753176A6}.Release|Any CPU.ActiveCfg = Release|Any CPU
		{0014AC73-DD48-4B4B-A2F3-6BCC753176A6}.Release|Any CPU.Build.0 = Release|Any CPU
	EndGlobalSection
	GlobalSection(SolutionProperties) = preSolution
		HideSolutionNode = FALSE
	EndGlobalSection
EndGlobal
